
Microsoft Visual Studio Solution File, Format Version 12.00
# Visual Studio Version 17
VisualStudioVersion = 17.0.32014.148
MinimumVisualStudioVersion = 10.0.40219.1
Project("{FAE04EC0-301F-11D3-BF4B-00C04F79EFBC}") = "WebApplication4", "WebApplication4\WebApplication4.csproj", "{587F0E8B-BC49-46CF-85E1-CFBEE4E32E4E}"
EndProject
Global
	GlobalSection(SolutionConfigurationPlatforms) = preSolution
		Debug|Any CPU = Debug|Any CPU
		Release|Any CPU = Release|Any CPU
	EndGlobalSection
	GlobalSection(ProjectConfigurationPlatforms) = postSolution
		{587F0E8B-BC49-46CF-85E1-CFBEE4E32E4E}.Debug|Any CPU.ActiveCfg = Debug|Any CPU
		{587F0E8B-BC49-46CF-85E1-CFBEE4E32E4E}.Debug|Any CPU.Build.0 = Debug|Any CPU
		{587F0E8B-BC49-46CF-85E1-CFBEE4E32E4E}.Release|Any CPU.ActiveCfg = Release|Any CPU
		{587F0E8B-BC49-46CF-85E1-CFBEE4E32E4E}.Release|Any CPU.Build.0 = Release|Any CPU
	EndGlobalSection
	GlobalSection(SolutionProperties) = preSolution
		HideSolutionNode = FALSE
	EndGlobalSection
	GlobalSection(ExtensibilityGlobals) = postSolution
		SolutionGuid = {A00FD696-8DA7-4136-B2A3-A7D72834DF5C}
	EndGlobalSection
EndGlobal
